
Microsoft Visual Studio Solution File, Format Version 12.00
# Visual Studio Version 16
VisualStudioVersion = 16.0.31515.178
MinimumVisualStudioVersion = 10.0.40219.1
Project("{FAE04EC0-301F-11D3-BF4B-00C04F79EFBC}") = "Lost_And_Found_LIB", "Lost_And_Found_LIB.csproj", "{2537E271-5BC6-4121-943A-76524F150302}"
EndProject
Project("{FAE04EC0-301F-11D3-BF4B-00C04F79EFBC}") = "Test_To_PZ2", "..\Test_To_PZ2\Test_To_PZ2.csproj", "{4EC2225A-A0C9-4B89-906E-E31993C9EA54}"
EndProject
Global
	GlobalSection(SolutionConfigurationPlatforms) = preSolution
		Debug|Any CPU = Debug|Any CPU
		Release|Any CPU = Release|Any CPU
	EndGlobalSection
	GlobalSection(ProjectConfigurationPlatforms) = postSolution
		{2537E271-5BC6-4121-943A-76524F150302}.Debug|Any CPU.ActiveCfg = Debug|Any CPU
		{2537E271-5BC6-4121-943A-76524F150302}.Debug|Any CPU.Build.0 = Debug|Any CPU
		{2537E271-5BC6-4121-943A-76524F150302}.Release|Any CPU.ActiveCfg = Release|Any CPU
		{2537E271-5BC6-4121-943A-76524F150302}.Release|Any CPU.Build.0 = Release|Any CPU
		{4EC2225A-A0C9-4B89-906E-E31993C9EA54}.Debug|Any CPU.ActiveCfg = Debug|Any CPU
		{4EC2225A-A0C9-4B89-906E-E31993C9EA54}.Debug|Any CPU.Build.0 = Debug|Any CPU
		{4EC2225A-A0C9-4B89-906E-E31993C9EA54}.Release|Any CPU.ActiveCfg = Release|Any CPU
		{4EC2225A-A0C9-4B89-906E-E31993C9EA54}.Release|Any CPU.Build.0 = Release|Any CPU
	EndGlobalSection
	GlobalSection(SolutionProperties) = preSolution
		HideSolutionNode = FALSE
	EndGlobalSection
	GlobalSection(ExtensibilityGlobals) = postSolution
		SolutionGuid = {13A2330D-582F-44A7-BDAE-615714B683E9}
	EndGlobalSection
EndGlobal
