
Microsoft Visual Studio Solution File, Format Version 12.00
# Visual Studio Version 16
VisualStudioVersion = 16.0.31515.178
MinimumVisualStudioVersion = 10.0.40219.1
Project("{FAE04EC0-301F-11D3-BF4B-00C04F79EFBC}") = "FinalLab1", "FinalLab1.csproj", "{4C241122-8996-47AD-ABC8-72A413C0660A}"
EndProject
Global
	GlobalSection(SolutionConfigurationPlatforms) = preSolution
		Debug|Any CPU = Debug|Any CPU
		Release|Any CPU = Release|Any CPU
	EndGlobalSection
	GlobalSection(ProjectConfigurationPlatforms) = postSolution
		{4C241122-8996-47AD-ABC8-72A413C0660A}.Debug|Any CPU.ActiveCfg = Debug|Any CPU
		{4C241122-8996-47AD-ABC8-72A413C0660A}.Debug|Any CPU.Build.0 = Debug|Any CPU
		{4C241122-8996-47AD-ABC8-72A413C0660A}.Release|Any CPU.ActiveCfg = Release|Any CPU
		{4C241122-8996-47AD-ABC8-72A413C0660A}.Release|Any CPU.Build.0 = Release|Any CPU
	EndGlobalSection
	GlobalSection(SolutionProperties) = preSolution
		HideSolutionNode = FALSE
	EndGlobalSection
	GlobalSection(ExtensibilityGlobals) = postSolution
		SolutionGuid = {25417A71-B79C-4D56-8F89-4D3B4B61123B}
	EndGlobalSection
EndGlobal
